// !$*UTF8*$!
{
	archiveVersion = 1;
	classes = {
	};
	objectVersion = 50;
	objects = {

/* Begin PBXBuildFile section */
		4B4B67842175BEBB004C1C21 /* AppDelegate.m in Sources */ = {isa = PBXBuildFile; fileRef = 4B4B67832175BEBB004C1C21 /* AppDelegate.m */; };
		4B4B67872175BEBB004C1C21 /* ViewController.m in Sources */ = {isa = PBXBuildFile; fileRef = 4B4B67862175BEBB004C1C21 /* ViewController.m */; };
		4B4B678A2175BEBB004C1C21 /* Main.storyboard in Resources */ = {isa = PBXBuildFile; fileRef = 4B4B67882175BEBB004C1C21 /* Main.storyboard */; };
		4B4B678C2175BEBD004C1C21 /* Assets.xcassets in Resources */ = {isa = PBXBuildFile; fileRef = 4B4B678B2175BEBD004C1C21 /* Assets.xcassets */; };
		4B4B678F2175BEBD004C1C21 /* LaunchScreen.storyboard in Resources */ = {isa = PBXBuildFile; fileRef = 4B4B678D2175BEBD004C1C21 /* LaunchScreen.storyboard */; };
		4B4B67922175BEBD004C1C21 /* main.m in Sources */ = {isa = PBXBuildFile; fileRef = 4B4B67912175BEBD004C1C21 /* main.m */; };
		4B4B679C2175BEBE004C1C21 /* UITableViewDeleteItemTests.m in Sources */ = {isa = PBXBuildFile; fileRef = 4B4B679B2175BEBE004C1C21 /* UITableViewDeleteItemTests.m */; };
		4B4B67B62175BEF7004C1C21 /* LYFTableView.m in Sources */ = {isa = PBXBuildFile; fileRef = 4B4B67B52175BEF7004C1C21 /* LYFTableView.m */; };
		4B4B67B92175BFA3004C1C21 /* LYFTableViewCell.m in Sources */ = {isa = PBXBuildFile; fileRef = 4B4B67B82175BFA3004C1C21 /* LYFTableViewCell.m */; };
/* End PBXBuildFile section */

/* Begin PBXContainerItemProxy section */
		4B4B67982175BEBE004C1C21 /* PBXContainerItemProxy */ = {
			isa = PBXContainerItemProxy;
			containerPortal = 4B4B67772175BEBA004C1C21 /* Project object */;
			proxyType = 1;
			remoteGlobalIDString = 4B4B677E2175BEBB004C1C21;
			remoteInfo = UITableViewDeleteItem;
		};
		4B4B67A32175BEBE004C1C21 /* PBXContainerItemProxy */ = {
			isa = PBXContainerItemProxy;
			containerPortal = 4B4B67772175BEBA004C1C21 /* Project object */;
			proxyType = 1;
			remoteGlobalIDString = 4B4B677E2175BEBB004C1C21;
			remoteInfo = UITableViewDeleteItem;
		};
/* End PBXContainerItemProxy section */

/* Begin PBXFileReference section */
		4B4B677F2175BEBB004C1C21 /* UITableViewDeleteItem.app */ = {isa = PBXFileReference; explicitFileType = wrapper.application; includeInIndex = 0; path = UITableViewDeleteItem.app; sourceTree = BUILT_PRODUCTS_DIR; };
		4B4B67822175BEBB004C1C21 /* AppDelegate.h */ = {isa = PBXFileReference; lastKnownFileType = sourcecode.c.h; path = AppDelegate.h; sourceTree = "<group>"; };
		4B4B67832175BEBB004C1C21 /* AppDelegate.m */ = {isa = PBXFileReference; lastKnownFileType = sourcecode.c.objc; path = AppDelegate.m; sourceTree = "<group>"; };
		4B4B67852175BEBB004C1C21 /* ViewController.h */ = {isa = PBXFileReference; lastKnownFileType = sourcecode.c.h; path = ViewController.h; sourceTree = "<group>"; };
		4B4B67862175BEBB004C1C21 /* ViewController.m */ = {isa = PBXFileReference; lastKnownFileType = sourcecode.c.objc; path = ViewController.m; sourceTree = "<group>"; };
		4B4B67892175BEBB004C1C21 /* Base */ = {isa = PBXFileReference; lastKnownFileType = file.storyboard; name = Base; path = Base.lproj/Main.storyboard; sourceTree = "<group>"; };
		4B4B678B2175BEBD004C1C21 /* Assets.xcassets */ = {isa = PBXFileReference; lastKnownFileType = folder.assetcatalog; path = Assets.xcassets; sourceTree = "<group>"; };
		4B4B678E2175BEBD004C1C21 /* Base */ = {isa = PBXFileReference; lastKnownFileType = file.storyboard; name = Base; path = Base.lproj/LaunchScreen.storyboard; sourceTree = "<group>"; };
		4B4B67902175BEBD004C1C21 /* Info.plist */ = {isa = PBXFileReference; lastKnownFileType = text.plist.xml; path = Info.plist; sourceTree = "<group>"; };
		4B4B67912175BEBD004C1C21 /* main.m */ = {isa = PBXFileReference; lastKnownFileType = sourcecode.c.objc; path = main.m; sourceTree = "<group>"; };
		4B4B67972175BEBE004C1C21 /* UITableViewDeleteItemTests.xctest */ = {isa = PBXFileReference; explicitFileType = wrapper.cfbundle; includeInIndex = 0; path = UITableViewDeleteItemTests.xctest; sourceTree = BUILT_PRODUCTS_DIR; };
		4B4B679B2175BEBE004C1C21 /* UITableViewDeleteItemTests.m */ = {isa = PBXFileReference; lastKnownFileType = sourcecode.c.objc; path = UITableViewDeleteItemTests.m; sourceTree = "<group>"; };
		4B4B679D2175BEBE004C1C21 /* Info.plist */ = {isa = PBXFileReference; lastKnownFileType = text.plist.xml; path = Info.plist; sourceTree = "<group>"; };
		4B4B67A22175BEBE004C1C21 /* UITableViewDeleteItemUITests.xctest */ = {isa = PBXFileReference; explicitFileType = wrapper.cfbundle; includeInIndex = 0; path = UITableViewDeleteItemUITests.xctest; sourceTree = BUILT_PRODUCTS_DIR; };
		4B4B67B42175BEF7004C1C21 /* LYFTableView.h */ = {isa = PBXFileReference; lastKnownFileType = sourcecode.c.h; path = LYFTableView.h; sourceTree = "<group>"; };
		4B4B67B52175BEF7004C1C21 /* LYFTableView.m */ = {isa = PBXFileReference; lastKnownFileType = sourcecode.c.objc; path = LYFTableView.m; sourceTree = "<group>"; };
		4B4B67B72175BFA3004C1C21 /* LYFTableViewCell.h */ = {isa = PBXFileReference; lastKnownFileType = sourcecode.c.h; path = LYFTableViewCell.h; sourceTree = "<group>"; };
		4B4B67B82175BFA3004C1C21 /* LYFTableViewCell.m */ = {isa = PBXFileReference; lastKnownFileType = sourcecode.c.objc; path = LYFTableViewCell.m; sourceTree = "<group>"; };
/* End PBXFileReference section */

/* Begin PBXFrameworksBuildPhase section */
		4B4B677C2175BEBB004C1C21 /* Frameworks */ = {
			isa = PBXFrameworksBuildPhase;
			buildActionMask = 2147483647;
			files = (
			);
			runOnlyForDeploymentPostprocessing = 0;
		};
		4B4B67942175BEBE004C1C21 /* Frameworks */ = {
			isa = PBXFrameworksBuildPhase;
			buildActionMask = 2147483647;
			files = (
			);
			runOnlyForDeploymentPostprocessing = 0;
		};
		4B4B679F2175BEBE004C1C21 /* Frameworks */ = {
			isa = PBXFrameworksBuildPhase;
			buildActionMask = 2147483647;
			files = (
			);
			runOnlyForDeploymentPostprocessing = 0;
		};
/* End PBXFrameworksBuildPhase section */

/* Begin PBXGroup section */
		4B4B67762175BEBA004C1C21 = {
			isa = PBXGroup;
			children = (
				4B4B67812175BEBB004C1C21 /* UITableViewDeleteItem */,
				4B4B679A2175BEBE004C1C21 /* UITableViewDeleteItemTests */,
				4B4B67802175BEBB004C1C21 /* Products */,
			);
			sourceTree = "<group>";
		};
		4B4B67802175BEBB004C1C21 /* Products */ = {
			isa = PBXGroup;
			children = (
				4B4B677F2175BEBB004C1C21 /* UITableViewDeleteItem.app */,
				4B4B67972175BEBE004C1C21 /* UITableViewDeleteItemTests.xctest */,
				4B4B67A22175BEBE004C1C21 /* UITableViewDeleteItemUITests.xctest */,
			);
			name = Products;
			sourceTree = "<group>";
		};
		4B4B67812175BEBB004C1C21 /* UITableViewDeleteItem */ = {
			isa = PBXGroup;
			children = (
				4B4B67822175BEBB004C1C21 /* AppDelegate.h */,
				4B4B67832175BEBB004C1C21 /* AppDelegate.m */,
				4B4B67852175BEBB004C1C21 /* ViewController.h */,
				4B4B67862175BEBB004C1C21 /* ViewController.m */,
				4B4B67B42175BEF7004C1C21 /* LYFTableView.h */,
				4B4B67B52175BEF7004C1C21 /* LYFTableView.m */,
				4B4B67B72175BFA3004C1C21 /* LYFTableViewCell.h */,
				4B4B67B82175BFA3004C1C21 /* LYFTableViewCell.m */,
				4B4B67882175BEBB004C1C21 /* Main.storyboard */,
				4B4B678B2175BEBD004C1C21 /* Assets.xcassets */,
				4B4B678D2175BEBD004C1C21 /* LaunchScreen.storyboard */,
				4B4B67902175BEBD004C1C21 /* Info.plist */,
				4B4B67912175BEBD004C1C21 /* main.m */,
			);
			path = UITableViewDeleteItem;
			sourceTree = "<group>";
		};
		4B4B679A2175BEBE004C1C21 /* UITableViewDeleteItemTests */ = {
			isa = PBXGroup;
			children = (
				4B4B679B2175BEBE004C1C21 /* UITableViewDeleteItemTests.m */,
				4B4B679D2175BEBE004C1C21 /* Info.plist */,
			);
			path = UITableViewDeleteItemTests;
			sourceTree = "<group>";
		};
/* End PBXGroup section */

/* Begin PBXNativeTarget section */
		4B4B677E2175BEBB004C1C21 /* UITableViewDeleteItem */ = {
			isa = PBXNativeTarget;
			buildConfigurationList = 4B4B67AB2175BEBE004C1C21 /* Build configuration list for PBXNativeTarget "UITableViewDeleteItem" */;
			buildPhases = (
				4B4B677B2175BEBB004C1C21 /* Sources */,
				4B4B677C2175BEBB004C1C21 /* Frameworks */,
				4B4B677D2175BEBB004C1C21 /* Resources */,
			);
			buildRules = (
			);
			dependencies = (
			);
			name = UITableViewDeleteItem;
			productName = UITableViewDeleteItem;
			productReference = 4B4B677F2175BEBB004C1C21 /* UITableViewDeleteItem.app */;
			productType = "com.apple.product-type.application";
		};
		4B4B67962175BEBE004C1C21 /* UITableViewDeleteItemTests */ = {
			isa = PBXNativeTarget;
			buildConfigurationList = 4B4B67AE2175BEBE004C1C21 /* Build configuration list for PBXNativeTarget "UITableViewDeleteItemTests" */;
			buildPhases = (
				4B4B67932175BEBE004C1C21 /* Sources */,
				4B4B67942175BEBE004C1C21 /* Frameworks */,
				4B4B67952175BEBE004C1C21 /* Resources */,
			);
			buildRules = (
			);
			dependencies = (
				4B4B67992175BEBE004C1C21 /* PBXTargetDependency */,
			);
			name = UITableViewDeleteItemTests;
			productName = UITableViewDeleteItemTests;
			productReference = 4B4B67972175BEBE004C1C21 /* UITableViewDeleteItemTests.xctest */;
			productType = "com.apple.product-type.bundle.unit-test";
		};
		4B4B67A12175BEBE004C1C21 /* UITableViewDeleteItemUITests */ = {
			isa = PBXNativeTarget;
			buildConfigurationList = 4B4B67B12175BEBE004C1C21 /* Build configuration list for PBXNativeTarget "UITableViewDeleteItemUITests" */;
			buildPhases = (
				4B4B679E2175BEBE004C1C21 /* Sources */,
				4B4B679F2175BEBE004C1C21 /* Frameworks */,
				4B4B67A02175BEBE004C1C21 /* Resources */,
			);
			buildRules = (
			);
			dependencies = (
				4B4B67A42175BEBE004C1C21 /* PBXTargetDependency */,
			);
			name = UITableViewDeleteItemUITests;
			productName = UITableViewDeleteItemUITests;
			productReference = 4B4B67A22175BEBE004C1C21 /* UITableViewDeleteItemUITests.xctest */;
			productType = "com.apple.product-type.bundle.ui-testing";
		};
/* End PBXNativeTarget section */

/* Begin PBXProject section */
		4B4B67772175BEBA004C1C21 /* Project object */ = {
			isa = PBXProject;
			attributes = {
				CLASSPREFIX = LYF;
				LastUpgradeCheck = 0940;
				ORGANIZATIONNAME = "李玉枫";
				TargetAttributes = {
					4B4B677E2175BEBB004C1C21 = {
						CreatedOnToolsVersion = 9.4.1;
					};
					4B4B67962175BEBE004C1C21 = {
						CreatedOnToolsVersion = 9.4.1;
						TestTargetID = 4B4B677E2175BEBB004C1C21;
					};
					4B4B67A12175BEBE004C1C21 = {
						CreatedOnToolsVersion = 9.4.1;
						TestTargetID = 4B4B677E2175BEBB004C1C21;
					};
				};
			};
			buildConfigurationList = 4B4B677A2175BEBA004C1C21 /* Build configuration list for PBXProject "UITableViewDeleteItem" */;
			compatibilityVersion = "Xcode 9.3";
			developmentRegion = en;
			hasScannedForEncodings = 0;
			knownRegions = (
				en,
				Base,
			);
			mainGroup = 4B4B67762175BEBA004C1C21;
			productRefGroup = 4B4B67802175BEBB004C1C21 /* Products */;
			projectDirPath = "";
			projectRoot = "";
			targets = (
				4B4B677E2175BEBB004C1C21 /* UITableViewDeleteItem */,
				4B4B67962175BEBE004C1C21 /* UITableViewDeleteItemTests */,
				4B4B67A12175BEBE004C1C21 /* UITableViewDeleteItemUITests */,
			);
		};
/* End PBXProject section */

/* Begin PBXResourcesBuildPhase section */
		4B4B677D2175BEBB004C1C21 /* Resources */ = {
			isa = PBXResourcesBuildPhase;
			buildActionMask = 2147483647;
			files = (
				4B4B678F2175BEBD004C1C21 /* LaunchScreen.storyboard in Resources */,
				4B4B678C2175BEBD004C1C21 /* Assets.xcassets in Resources */,
				4B4B678A2175BEBB004C1C21 /* Main.storyboard in Resources */,
			);
			runOnlyForDeploymentPostprocessing = 0;
		};
		4B4B67952175BEBE004C1C21 /* Resources */ = {
			isa = PBXResourcesBuildPhase;
			buildActionMask = 2147483647;
			files = (
			);
			runOnlyForDeploymentPostprocessing = 0;
		};
		4B4B67A02175BEBE004C1C21 /* Resources */ = {
			isa = PBXResourcesBuildPhase;
			buildActionMask = 2147483647;
			files = (
			);
			runOnlyForDeploymentPostprocessing = 0;
		};
/* End PBXResourcesBuildPhase section */

/* Begin PBXSourcesBuildPhase section */
		4B4B677B2175BEBB004C1C21 /* Sources */ = {
			isa = PBXSourcesBuildPhase;
			buildActionMask = 2147483647;
			files = (
				4B4B67872175BEBB004C1C21 /* ViewController.m in Sources */,
				4B4B67922175BEBD004C1C21 /* main.m in Sources */,
				4B4B67B92175BFA3004C1C21 /* LYFTableViewCell.m in Sources */,
				4B4B67842175BEBB004C1C21 /* AppDelegate.m in Sources */,
				4B4B67B62175BEF7004C1C21 /* LYFTableView.m in Sources */,
			);
			runOnlyForDeploymentPostprocessing = 0;
		};
		4B4B67932175BEBE004C1C21 /* Sources */ = {
			isa = PBXSourcesBuildPhase;
			buildActionMask = 2147483647;
			files = (
				4B4B679C2175BEBE004C1C21 /* UITableViewDeleteItemTests.m in Sources */,
			);
			runOnlyForDeploymentPostprocessing = 0;
		};
		4B4B679E2175BEBE004C1C21 /* Sources */ = {
			isa = PBXSourcesBuildPhase;
			buildActionMask = 2147483647;
			files = (
			);
			runOnlyForDeploymentPostprocessing = 0;
		};
/* End PBXSourcesBuildPhase section */

/* Begin PBXTargetDependency section */
		4B4B67992175BEBE004C1C21 /* PBXTargetDependency */ = {
			isa = PBXTargetDependency;
			target = 4B4B677E2175BEBB004C1C21 /* UITableViewDeleteItem */;
			targetProxy = 4B4B67982175BEBE004C1C21 /* PBXContainerItemProxy */;
		};
		4B4B67A42175BEBE004C1C21 /* PBXTargetDependency */ = {
			isa = PBXTargetDependency;
			target = 4B4B677E2175BEBB004C1C21 /* UITableViewDeleteItem */;
			targetProxy = 4B4B67A32175BEBE004C1C21 /* PBXContainerItemProxy */;
		};
/* End PBXTargetDependency section */

/* Begin PBXVariantGroup section */
		4B4B67882175BEBB004C1C21 /* Main.storyboard */ = {
			isa = PBXVariantGroup;
			children = (
				4B4B67892175BEBB004C1C21 /* Base */,
			);
			name = Main.storyboard;
			sourceTree = "<group>";
		};
		4B4B678D2175BEBD004C1C21 /* LaunchScreen.storyboard */ = {
			isa = PBXVariantGroup;
			children = (
				4B4B678E2175BEBD004C1C21 /* Base */,
			);
			name = LaunchScreen.storyboard;
			sourceTree = "<group>";
		};
/* End PBXVariantGroup section */

/* Begin XCBuildConfiguration section */
		4B4B67A92175BEBE004C1C21 /* Debug */ = {
			isa = XCBuildConfiguration;
			buildSettings = {
				ALWAYS_SEARCH_USER_PATHS = NO;
				CLANG_ANALYZER_NONNULL = YES;
				CLANG_ANALYZER_NUMBER_OBJECT_CONVERSION = YES_AGGRESSIVE;
				CLANG_CXX_LANGUAGE_STANDARD = "gnu++14";
				CLANG_CXX_LIBRARY = "libc++";
				CLANG_ENABLE_MODULES = YES;
				CLANG_ENABLE_OBJC_ARC = YES;
				CLANG_ENABLE_OBJC_WEAK = YES;
				CLANG_WARN_BLOCK_CAPTURE_AUTORELEASING = YES;
				CLANG_WARN_BOOL_CONVERSION = YES;
				CLANG_WARN_COMMA = YES;
				CLANG_WARN_CONSTANT_CONVERSION = YES;
				CLANG_WARN_DEPRECATED_OBJC_IMPLEMENTATIONS = YES;
				CLANG_WARN_DIRECT_OBJC_ISA_USAGE = YES_ERROR;
				CLANG_WARN_DOCUMENTATION_COMMENTS = YES;
				CLANG_WARN_EMPTY_BODY = YES;
				CLANG_WARN_ENUM_CONVERSION = YES;
				CLANG_WARN_INFINITE_RECURSION = YES;
				CLANG_WARN_INT_CONVERSION = YES;
				CLANG_WARN_NON_LITERAL_NULL_CONVERSION = YES;
				CLANG_WARN_OBJC_IMPLICIT_RETAIN_SELF = YES;
				CLANG_WARN_OBJC_LITERAL_CONVERSION = YES;
				CLANG_WARN_OBJC_ROOT_CLASS = YES_ERROR;
				CLANG_WARN_RANGE_LOOP_ANALYSIS = YES;
				CLANG_WARN_STRICT_PROTOTYPES = YES;
				CLANG_WARN_SUSPICIOUS_MOVE = YES;
				CLANG_WARN_UNGUARDED_AVAILABILITY = YES_AGGRESSIVE;
				CLANG_WARN_UNREACHABLE_CODE = YES;
				CLANG_WARN__DUPLICATE_METHOD_MATCH = YES;
				CODE_SIGN_IDENTITY = "iPhone Developer";
				COPY_PHASE_STRIP = NO;
				DEBUG_INFORMATION_FORMAT = dwarf;
				ENABLE_STRICT_OBJC_MSGSEND = YES;
				ENABLE_TESTABILITY = YES;
				GCC_C_LANGUAGE_STANDARD = gnu11;
				GCC_DYNAMIC_NO_PIC = NO;
				GCC_NO_COMMON_BLOCKS = YES;
				GCC_OPTIMIZATION_LEVEL = 0;
				GCC_PREPROCESSOR_DEFINITIONS = (
					"DEBUG=1",
					"$(inherited)",
				);
				GCC_WARN_64_TO_32_BIT_CONVERSION = YES;
				GCC_WARN_ABOUT_RETURN_TYPE = YES_ERROR;
				GCC_WARN_UNDECLARED_SELECTOR = YES;
				GCC_WARN_UNINITIALIZED_AUTOS = YES_AGGRESSIVE;
				GCC_WARN_UNUSED_FUNCTION = YES;
				GCC_WARN_UNUSED_VARIABLE = YES;
				IPHONEOS_DEPLOYMENT_TARGET = 11.4;
				MTL_ENABLE_DEBUG_INFO = YES;
				ONLY_ACTIVE_ARCH = YES;
				SDKROOT = iphoneos;
			};
			name = Debug;
		};
		4B4B67AA2175BEBE004C1C21 /* Release */ = {
			isa = XCBuildConfiguration;
			buildSettings = {
				ALWAYS_SEARCH_USER_PATHS = NO;
				CLANG_ANALYZER_NONNULL = YES;
				CLANG_ANALYZER_NUMBER_OBJECT_CONVERSION = YES_AGGRESSIVE;
				CLANG_CXX_LANGUAGE_STANDARD = "gnu++14";
				CLANG_CXX_LIBRARY = "libc++";
				CLANG_ENABLE_MODULES = YES;
				CLANG_ENABLE_OBJC_ARC = YES;
				CLANG_ENABLE_OBJC_WEAK = YES;
				CLANG_WARN_BLOCK_CAPTURE_AUTORELEASING = YES;
				CLANG_WARN_BOOL_CONVERSION = YES;
				CLANG_WARN_COMMA = YES;
				CLANG_WARN_CONSTANT_CONVERSION = YES;
				CLANG_WARN_DEPRECATED_OBJC_IMPLEMENTATIONS = YES;
				CLANG_WARN_DIRECT_OBJC_ISA_USAGE = YES_ERROR;
				CLANG_WARN_DOCUMENTATION_COMMENTS = YES;
				CLANG_WARN_EMPTY_BODY = YES;
				CLANG_WARN_ENUM_CONVERSION = YES;
				CLANG_WARN_INFINITE_RECURSION = YES;
				CLANG_WARN_INT_CONVERSION = YES;
				CLANG_WARN_NON_LITERAL_NULL_CONVERSION = YES;
				CLANG_WARN_OBJC_IMPLICIT_RETAIN_SELF = YES;
				CLANG_WARN_OBJC_LITERAL_CONVERSION = YES;
				CLANG_WARN_OBJC_ROOT_CLASS = YES_ERROR;
				CLANG_WARN_RANGE_LOOP_ANALYSIS = YES;
				CLANG_WARN_STRICT_PROTOTYPES = YES;
				CLANG_WARN_SUSPICIOUS_MOVE = YES;
				CLANG_WARN_UNGUARDED_AVAILABILITY = YES_AGGRESSIVE;
				CLANG_WARN_UNREACHABLE_CODE = YES;
				CLANG_WARN__DUPLICATE_METHOD_MATCH = YES;
				CODE_SIGN_IDENTITY = "iPhone Developer";
				COPY_PHASE_STRIP = NO;
				DEBUG_INFORMATION_FORMAT = "dwarf-with-dsym";
				ENABLE_NS_ASSERTIONS = NO;
				ENABLE_STRICT_OBJC_MSGSEND = YES;
				GCC_C_LANGUAGE_STANDARD = gnu11;
				GCC_NO_COMMON_BLOCKS = YES;
				GCC_WARN_64_TO_32_BIT_CONVERSION = YES;
				GCC_WARN_ABOUT_RETURN_TYPE = YES_ERROR;
				GCC_WARN_UNDECLARED_SELECTOR = YES;
				GCC_WARN_UNINITIALIZED_AUTOS = YES_AGGRESSIVE;
				GCC_WARN_UNUSED_FUNCTION = YES;
				GCC_WARN_UNUSED_VARIABLE = YES;
				IPHONEOS_DEPLOYMENT_TARGET = 11.4;
				MTL_ENABLE_DEBUG_INFO = NO;
				SDKROOT = iphoneos;
				VALIDATE_PRODUCT = YES;
			};
			name = Release;
		};
		4B4B67AC2175BEBE004C1C21 /* Debug */ = {
			isa = XCBuildConfiguration;
			buildSettings = {
				ASSETCATALOG_COMPILER_APPICON_NAME = AppIcon;
				CODE_SIGN_STYLE = Automatic;
				DEVELOPMENT_TEAM = MPA6552T64;
				INFOPLIST_FILE = UITableViewDeleteItem/Info.plist;
				LD_RUNPATH_SEARCH_PATHS = (
					"$(inherited)",
					"@executable_path/Frameworks",
				);
				PRODUCT_BUNDLE_IDENTIFIER = com.UITableViewDeleteItem.UITableViewDeleteItem;
				PRODUCT_NAME = "$(TARGET_NAME)";
				TARGETED_DEVICE_FAMILY = "1,2";
			};
			name = Debug;
		};
		4B4B67AD2175BEBE004C1C21 /* Release */ = {
			isa = XCBuildConfiguration;
			buildSettings = {
				ASSETCATALOG_COMPILER_APPICON_NAME = AppIcon;
				CODE_SIGN_STYLE = Automatic;
				DEVELOPMENT_TEAM = MPA6552T64;
				INFOPLIST_FILE = UITableViewDeleteItem/Info.plist;
				LD_RUNPATH_SEARCH_PATHS = (
					"$(inherited)",
					"@executable_path/Frameworks",
				);
				PRODUCT_BUNDLE_IDENTIFIER = com.UITableViewDeleteItem.UITableViewDeleteItem;
				PRODUCT_NAME = "$(TARGET_NAME)";
				TARGETED_DEVICE_FAMILY = "1,2";
			};
			name = Release;
		};
		4B4B67AF2175BEBE004C1C21 /* Debug */ = {
			isa = XCBuildConfiguration;
			buildSettings = {
				BUNDLE_LOADER = "$(TEST_HOST)";
				CODE_SIGN_STYLE = Automatic;
				DEVELOPMENT_TEAM = MPA6552T64;
				INFOPLIST_FILE = UITableViewDeleteItemTests/Info.plist;
				LD_RUNPATH_SEARCH_PATHS = (
					"$(inherited)",
					"@executable_path/Frameworks",
					"@loader_path/Frameworks",
				);
				PRODUCT_BUNDLE_IDENTIFIER = com.UITableViewDeleteItem.UITableViewDeleteItemTests;
				PRODUCT_NAME = "$(TARGET_NAME)";
				TARGETED_DEVICE_FAMILY = "1,2";
				TEST_HOST = "$(BUILT_PRODUCTS_DIR)/UITableViewDeleteItem.app/UITableViewDeleteItem";
			};
			name = Debug;
		};
		4B4B67B02175BEBE004C1C21 /* Release */ = {
			isa = XCBuildConfiguration;
			buildSettings = {
				BUNDLE_LOADER = "$(TEST_HOST)";
				CODE_SIGN_STYLE = Automatic;
				DEVELOPMENT_TEAM = MPA6552T64;
				INFOPLIST_FILE = UITableViewDeleteItemTests/Info.plist;
				LD_RUNPATH_SEARCH_PATHS = (
					"$(inherited)",
					"@executable_path/Frameworks",
					"@loader_path/Frameworks",
				);
				PRODUCT_BUNDLE_IDENTIFIER = com.UITableViewDeleteItem.UITableViewDeleteItemTests;
				PRODUCT_NAME = "$(TARGET_NAME)";
				TARGETED_DEVICE_FAMILY = "1,2";
				TEST_HOST = "$(BUILT_PRODUCTS_DIR)/UITableViewDeleteItem.app/UITableViewDeleteItem";
			};
			name = Release;
		};
		4B4B67B22175BEBE004C1C21 /* Debug */ = {
			isa = XCBuildConfiguration;
			buildSettings = {
				CODE_SIGN_STYLE = Automatic;
				DEVELOPMENT_TEAM = MPA6552T64;
				INFOPLIST_FILE = UITableViewDeleteItemUITests/Info.plist;
				LD_RUNPATH_SEARCH_PATHS = (
					"$(inherited)",
					"@executable_path/Frameworks",
					"@loader_path/Frameworks",
				);
				PRODUCT_BUNDLE_IDENTIFIER = com.UITableViewDeleteItem.UITableViewDeleteItemUITests;
				PRODUCT_NAME = "$(TARGET_NAME)";
				TARGETED_DEVICE_FAMILY = "1,2";
				TEST_TARGET_NAME = UITableViewDeleteItem;
			};
			name = Debug;
		};
		4B4B67B32175BEBE004C1C21 /* Release */ = {
			isa = XCBuildConfiguration;
			buildSettings = {
				CODE_SIGN_STYLE = Automatic;
				DEVELOPMENT_TEAM = MPA6552T64;
				INFOPLIST_FILE = UITableViewDeleteItemUITests/Info.plist;
				LD_RUNPATH_SEARCH_PATHS = (
					"$(inherited)",
					"@executable_path/Frameworks",
					"@loader_path/Frameworks",
				);
				PRODUCT_BUNDLE_IDENTIFIER = com.UITableViewDeleteItem.UITableViewDeleteItemUITests;
				PRODUCT_NAME = "$(TARGET_NAME)";
				TARGETED_DEVICE_FAMILY = "1,2";
				TEST_TARGET_NAME = UITableViewDeleteItem;
			};
			name = Release;
		};
/* End XCBuildConfiguration section */

/* Begin XCConfigurationList section */
		4B4B677A2175BEBA004C1C21 /* Build configuration list for PBXProject "UITableViewDeleteItem" */ = {
			isa = XCConfigurationList;
			buildConfigurations = (
				4B4B67A92175BEBE004C1C21 /* Debug */,
				4B4B67AA2175BEBE004C1C21 /* Release */,
			);
			defaultConfigurationIsVisible = 0;
			defaultConfigurationName = Release;
		};
		4B4B67AB2175BEBE004C1C21 /* Build configuration list for PBXNativeTarget "UITableViewDeleteItem" */ = {
			isa = XCConfigurationList;
			buildConfigurations = (
				4B4B67AC2175BEBE004C1C21 /* Debug */,
				4B4B67AD2175BEBE004C1C21 /* Release */,
			);
			defaultConfigurationIsVisible = 0;
			defaultConfigurationName = Release;
		};
		4B4B67AE2175BEBE004C1C21 /* Build configuration list for PBXNativeTarget "UITableViewDeleteItemTests" */ = {
			isa = XCConfigurationList;
			buildConfigurations = (
				4B4B67AF2175BEBE004C1C21 /* Debug */,
				4B4B67B02175BEBE004C1C21 /* Release */,
			);
			defaultConfigurationIsVisible = 0;
			defaultConfigurationName = Release;
		};
		4B4B67B12175BEBE004C1C21 /* Build configuration list for PBXNativeTarget "UITableViewDeleteItemUITests" */ = {
			isa = XCConfigurationList;
			buildConfigurations = (
				4B4B67B22175BEBE004C1C21 /* Debug */,
				4B4B67B32175BEBE004C1C21 /* Release */,
			);
			defaultConfigurationIsVisible = 0;
			defaultConfigurationName = Release;
		};
/* End XCConfigurationList section */
	};
	rootObject = 4B4B67772175BEBA004C1C21 /* Project object */;
}
